
Microsoft Visual Studio Solution File, Format Version 12.00
# Visual Studio 15
VisualStudioVersion = 15.0.28307.960
MinimumVisualStudioVersion = 10.0.40219.1
Project("{FAE04EC0-301F-11D3-BF4B-00C04F79EFBC}") = "FinTool", "FinTool\FinTool.csproj", "{EB60CD03-00D3-474E-AE7F-B11F99F116EA}"
EndProject
Project("{FAE04EC0-301F-11D3-BF4B-00C04F79EFBC}") = "FinTool.Data", "FinTool.Data\FinTool.Data.csproj", "{1FDC7946-9765-4D81-B9CF-0CE4F86BC4F3}"
EndProject
Global
	GlobalSection(SolutionConfigurationPlatforms) = preSolution
		Debug|Any CPU = Debug|Any CPU
		Release|Any CPU = Release|Any CPU
	EndGlobalSection
	GlobalSection(ProjectConfigurationPlatforms) = postSolution
		{EB60CD03-00D3-474E-AE7F-B11F99F116EA}.Debug|Any CPU.ActiveCfg = Debug|Any CPU
		{EB60CD03-00D3-474E-AE7F-B11F99F116EA}.Debug|Any CPU.Build.0 = Debug|Any CPU
		{EB60CD03-00D3-474E-AE7F-B11F99F116EA}.Release|Any CPU.ActiveCfg = Release|Any CPU
		{EB60CD03-00D3-474E-AE7F-B11F99F116EA}.Release|Any CPU.Build.0 = Release|Any CPU
		{1FDC7946-9765-4D81-B9CF-0CE4F86BC4F3}.Debug|Any CPU.ActiveCfg = Debug|Any CPU
		{1FDC7946-9765-4D81-B9CF-0CE4F86BC4F3}.Debug|Any CPU.Build.0 = Debug|Any CPU
		{1FDC7946-9765-4D81-B9CF-0CE4F86BC4F3}.Release|Any CPU.ActiveCfg = Release|Any CPU
		{1FDC7946-9765-4D81-B9CF-0CE4F86BC4F3}.Release|Any CPU.Build.0 = Release|Any CPU
	EndGlobalSection
	GlobalSection(SolutionProperties) = preSolution
		HideSolutionNode = FALSE
	EndGlobalSection
	GlobalSection(ExtensibilityGlobals) = postSolution
		SolutionGuid = {98387883-1570-4682-9228-D516024EC148}
	EndGlobalSection
EndGlobal
